
Microsoft Visual Studio Solution File, Format Version 12.00
# Visual Studio Version 17
VisualStudioVersion = 17.2.32408.312
MinimumVisualStudioVersion = 10.0.40219.1
Project("{9A19103F-16F7-4668-BE54-9A1E7A4F7556}") = "PowerPlant.Api", "PowerPlant.Api\PowerPlant.Api.csproj", "{1D2E53DC-46FA-47B4-9993-026F5B770C6C}"
EndProject
Project("{FAE04EC0-301F-11D3-BF4B-00C04F79EFBC}") = "PowerPlant.DataAccess", "PowerPlant.DataAccess\PowerPlant.DataAccess.csproj", "{50D8A5CA-DA90-4E35-A961-452F1FF2657A}"
EndProject
Project("{FAE04EC0-301F-11D3-BF4B-00C04F79EFBC}") = "PowerPlant.Domain", "PowerPlant.Domain\PowerPlant.Domain.csproj", "{792E9A3A-90AF-45D0-A232-650D35B3A2A8}"
EndProject
Project("{FAE04EC0-301F-11D3-BF4B-00C04F79EFBC}") = "PowerPlant.Service", "PowerPlant.Service\PowerPlant.Service.csproj", "{1A548419-F487-48E5-BE8A-0AC3B84DC2C5}"
EndProject
Global
	GlobalSection(SolutionConfigurationPlatforms) = preSolution
		Debug|Any CPU = Debug|Any CPU
		Release|Any CPU = Release|Any CPU
	EndGlobalSection
	GlobalSection(ProjectConfigurationPlatforms) = postSolution
		{1D2E53DC-46FA-47B4-9993-026F5B770C6C}.Debug|Any CPU.ActiveCfg = Debug|Any CPU
		{1D2E53DC-46FA-47B4-9993-026F5B770C6C}.Debug|Any CPU.Build.0 = Debug|Any CPU
		{1D2E53DC-46FA-47B4-9993-026F5B770C6C}.Release|Any CPU.ActiveCfg = Release|Any CPU
		{1D2E53DC-46FA-47B4-9993-026F5B770C6C}.Release|Any CPU.Build.0 = Release|Any CPU
		{50D8A5CA-DA90-4E35-A961-452F1FF2657A}.Debug|Any CPU.ActiveCfg = Debug|Any CPU
		{50D8A5CA-DA90-4E35-A961-452F1FF2657A}.Debug|Any CPU.Build.0 = Debug|Any CPU
		{50D8A5CA-DA90-4E35-A961-452F1FF2657A}.Release|Any CPU.ActiveCfg = Release|Any CPU
		{50D8A5CA-DA90-4E35-A961-452F1FF2657A}.Release|Any CPU.Build.0 = Release|Any CPU
		{792E9A3A-90AF-45D0-A232-650D35B3A2A8}.Debug|Any CPU.ActiveCfg = Debug|Any CPU
		{792E9A3A-90AF-45D0-A232-650D35B3A2A8}.Debug|Any CPU.Build.0 = Debug|Any CPU
		{792E9A3A-90AF-45D0-A232-650D35B3A2A8}.Release|Any CPU.ActiveCfg = Release|Any CPU
		{792E9A3A-90AF-45D0-A232-650D35B3A2A8}.Release|Any CPU.Build.0 = Release|Any CPU
		{1A548419-F487-48E5-BE8A-0AC3B84DC2C5}.Debug|Any CPU.ActiveCfg = Debug|Any CPU
		{1A548419-F487-48E5-BE8A-0AC3B84DC2C5}.Debug|Any CPU.Build.0 = Debug|Any CPU
		{1A548419-F487-48E5-BE8A-0AC3B84DC2C5}.Release|Any CPU.ActiveCfg = Release|Any CPU
		{1A548419-F487-48E5-BE8A-0AC3B84DC2C5}.Release|Any CPU.Build.0 = Release|Any CPU
	EndGlobalSection
	GlobalSection(SolutionProperties) = preSolution
		HideSolutionNode = FALSE
	EndGlobalSection
	GlobalSection(ExtensibilityGlobals) = postSolution
		SolutionGuid = {83FB58E3-C846-43B5-AF50-48F252C762C1}
	EndGlobalSection
EndGlobal
